
Microsoft Visual Studio Solution File, Format Version 12.00
# Visual Studio Version 17
VisualStudioVersion = 17.0.31919.166
MinimumVisualStudioVersion = 10.0.40219.1
Project("{9A19103F-16F7-4668-BE54-9A1E7A4F7556}") = "DungeonFinderAPI", "DungeonFinderAPI\DungeonFinderAPI.csproj", "{6D2C8F6A-1FAA-469A-9B65-E135B9F8AD81}"
EndProject
Project("{9A19103F-16F7-4668-BE54-9A1E7A4F7556}") = "DungeonFinderDomain", "DungeonFinderDomain\DungeonFinderDomain.csproj", "{31F2DB2A-7245-4F85-94F7-C7E6477E194A}"
EndProject
Project("{2150E333-8FDC-42A3-9474-1A3956D46DE8}") = "1-Api", "1-Api", "{18587348-7ECE-4427-8CD5-68CF6C6590DE}"
EndProject
Project("{2150E333-8FDC-42A3-9474-1A3956D46DE8}") = "2-Domain", "2-Domain", "{A6EC0B72-1AAF-4D59-9919-9E20300FCD78}"
EndProject
Project("{2150E333-8FDC-42A3-9474-1A3956D46DE8}") = "3-Infra", "3-Infra", "{C7DB3B10-C38B-4BEC-827E-D6C2E2ECCEF1}"
EndProject
Project("{9A19103F-16F7-4668-BE54-9A1E7A4F7556}") = "DungeonFinderInfra", "DungeonFinderInfra\DungeonFinderInfra.csproj", "{C696304B-ACB0-44AF-92D5-F46EC1517349}"
EndProject
Project("{2150E333-8FDC-42A3-9474-1A3956D46DE8}") = "API", "API", "{91CC1C6E-085F-49C2-BD50-E59076FFEBDE}"
EndProject
Project("{2150E333-8FDC-42A3-9474-1A3956D46DE8}") = "WebApp", "WebApp", "{1BC59A2D-1275-4165-A961-7873873C1A62}"
EndProject
Project("{2150E333-8FDC-42A3-9474-1A3956D46DE8}") = "1-App", "1-App", "{0CEDDED5-6E3E-4C19-B4C3-712D6961ADF3}"
EndProject
Project("{FAE04EC0-301F-11D3-BF4B-00C04F79EFBC}") = "DungeonFinderWebApp", "DungeonFinderWebApp\DungeonFinderWebApp.csproj", "{1F5264EB-2958-4962-8225-86F3D931D030}"
EndProject
Project("{2150E333-8FDC-42A3-9474-1A3956D46DE8}") = "2-Domain", "2-Domain", "{63C3DA4F-26D7-4C84-A290-934C84567A26}"
EndProject
Project("{2150E333-8FDC-42A3-9474-1A3956D46DE8}") = "3-Infra", "3-Infra", "{83C13D88-B124-4628-9C3F-5D7B93C639A9}"
EndProject
Project("{FAE04EC0-301F-11D3-BF4B-00C04F79EFBC}") = "DungeonFinderWebApp.Domain", "DungeonFinderWebApp.Domain\DungeonFinderWebApp.Domain.csproj", "{AE4FAF33-FDBF-4A94-9513-14D0C7027217}"
EndProject
Project("{FAE04EC0-301F-11D3-BF4B-00C04F79EFBC}") = "DungeonFinderWebApp.Infra", "DungeonFinderWebApp.Infra\DungeonFinderWebApp.Infra.csproj", "{15804CFF-3C53-439A-AD93-947580159AEE}"
EndProject
Global
	GlobalSection(SolutionConfigurationPlatforms) = preSolution
		Debug|Any CPU = Debug|Any CPU
		Release|Any CPU = Release|Any CPU
	EndGlobalSection
	GlobalSection(ProjectConfigurationPlatforms) = postSolution
		{6D2C8F6A-1FAA-469A-9B65-E135B9F8AD81}.Debug|Any CPU.ActiveCfg = Debug|Any CPU
		{6D2C8F6A-1FAA-469A-9B65-E135B9F8AD81}.Debug|Any CPU.Build.0 = Debug|Any CPU
		{6D2C8F6A-1FAA-469A-9B65-E135B9F8AD81}.Release|Any CPU.ActiveCfg = Release|Any CPU
		{6D2C8F6A-1FAA-469A-9B65-E135B9F8AD81}.Release|Any CPU.Build.0 = Release|Any CPU
		{31F2DB2A-7245-4F85-94F7-C7E6477E194A}.Debug|Any CPU.ActiveCfg = Debug|Any CPU
		{31F2DB2A-7245-4F85-94F7-C7E6477E194A}.Debug|Any CPU.Build.0 = Debug|Any CPU
		{31F2DB2A-7245-4F85-94F7-C7E6477E194A}.Release|Any CPU.ActiveCfg = Release|Any CPU
		{31F2DB2A-7245-4F85-94F7-C7E6477E194A}.Release|Any CPU.Build.0 = Release|Any CPU
		{C696304B-ACB0-44AF-92D5-F46EC1517349}.Debug|Any CPU.ActiveCfg = Debug|Any CPU
		{C696304B-ACB0-44AF-92D5-F46EC1517349}.Debug|Any CPU.Build.0 = Debug|Any CPU
		{C696304B-ACB0-44AF-92D5-F46EC1517349}.Release|Any CPU.ActiveCfg = Release|Any CPU
		{C696304B-ACB0-44AF-92D5-F46EC1517349}.Release|Any CPU.Build.0 = Release|Any CPU
		{1F5264EB-2958-4962-8225-86F3D931D030}.Debug|Any CPU.ActiveCfg = Debug|Any CPU
		{1F5264EB-2958-4962-8225-86F3D931D030}.Debug|Any CPU.Build.0 = Debug|Any CPU
		{1F5264EB-2958-4962-8225-86F3D931D030}.Release|Any CPU.ActiveCfg = Release|Any CPU
		{1F5264EB-2958-4962-8225-86F3D931D030}.Release|Any CPU.Build.0 = Release|Any CPU
		{AE4FAF33-FDBF-4A94-9513-14D0C7027217}.Debug|Any CPU.ActiveCfg = Debug|Any CPU
		{AE4FAF33-FDBF-4A94-9513-14D0C7027217}.Debug|Any CPU.Build.0 = Debug|Any CPU
		{AE4FAF33-FDBF-4A94-9513-14D0C7027217}.Release|Any CPU.ActiveCfg = Release|Any CPU
		{AE4FAF33-FDBF-4A94-9513-14D0C7027217}.Release|Any CPU.Build.0 = Release|Any CPU
		{15804CFF-3C53-439A-AD93-947580159AEE}.Debug|Any CPU.ActiveCfg = Debug|Any CPU
		{15804CFF-3C53-439A-AD93-947580159AEE}.Debug|Any CPU.Build.0 = Debug|Any CPU
		{15804CFF-3C53-439A-AD93-947580159AEE}.Release|Any CPU.ActiveCfg = Release|Any CPU
		{15804CFF-3C53-439A-AD93-947580159AEE}.Release|Any CPU.Build.0 = Release|Any CPU
	EndGlobalSection
	GlobalSection(SolutionProperties) = preSolution
		HideSolutionNode = FALSE
	EndGlobalSection
	GlobalSection(NestedProjects) = preSolution
		{6D2C8F6A-1FAA-469A-9B65-E135B9F8AD81} = {18587348-7ECE-4427-8CD5-68CF6C6590DE}
		{31F2DB2A-7245-4F85-94F7-C7E6477E194A} = {A6EC0B72-1AAF-4D59-9919-9E20300FCD78}
		{18587348-7ECE-4427-8CD5-68CF6C6590DE} = {91CC1C6E-085F-49C2-BD50-E59076FFEBDE}
		{A6EC0B72-1AAF-4D59-9919-9E20300FCD78} = {91CC1C6E-085F-49C2-BD50-E59076FFEBDE}
		{C7DB3B10-C38B-4BEC-827E-D6C2E2ECCEF1} = {91CC1C6E-085F-49C2-BD50-E59076FFEBDE}
		{C696304B-ACB0-44AF-92D5-F46EC1517349} = {C7DB3B10-C38B-4BEC-827E-D6C2E2ECCEF1}
		{0CEDDED5-6E3E-4C19-B4C3-712D6961ADF3} = {1BC59A2D-1275-4165-A961-7873873C1A62}
		{1F5264EB-2958-4962-8225-86F3D931D030} = {0CEDDED5-6E3E-4C19-B4C3-712D6961ADF3}
		{63C3DA4F-26D7-4C84-A290-934C84567A26} = {1BC59A2D-1275-4165-A961-7873873C1A62}
		{83C13D88-B124-4628-9C3F-5D7B93C639A9} = {1BC59A2D-1275-4165-A961-7873873C1A62}
		{AE4FAF33-FDBF-4A94-9513-14D0C7027217} = {63C3DA4F-26D7-4C84-A290-934C84567A26}
		{15804CFF-3C53-439A-AD93-947580159AEE} = {83C13D88-B124-4628-9C3F-5D7B93C639A9}
	EndGlobalSection
	GlobalSection(ExtensibilityGlobals) = postSolution
		SolutionGuid = {691CE047-72F6-4A6D-876C-EDDC48EA1DDF}
	EndGlobalSection
EndGlobal
